// !$*UTF8*$!
{
	archiveVersion = 1;
	classes = {
	};
	objectVersion = 77;
	objects = {

/* Begin PBXBuildFile section */
		CC48540A300BC5A0007D98D0 /* ZIPFoundation in Frameworks */ = {isa = PBXBuildFile; productRef = CC485409300BC5A0007D98D0 /* ZIPFoundation */; };
		D7A1B2C3D4E5F60123456789 /* Runestone in Frameworks */ = {isa = PBXBuildFile; productRef = D7A1B2C3D4E5F6012345678A /* Runestone */; };
		E8B2C3D4E5F60123456789A /* TreeSitterJSONRunestone in Frameworks */ = {isa = PBXBuildFile; productRef = E8B2C3D4E5F60123456789B /* TreeSitterJSONRunestone */; };
		A00000000000000000000001 /* TreeSitterBashRunestone in Frameworks */ = {isa = PBXBuildFile; productRef = B00000000000000000000001 /* TreeSitterBashRunestone */; };
		A00000000000000000000002 /* TreeSitterCRunestone in Frameworks */ = {isa = PBXBuildFile; productRef = B00000000000000000000002 /* TreeSitterCRunestone */; };
		A00000000000000000000003 /* TreeSitterCSharpRunestone in Frameworks */ = {isa = PBXBuildFile; productRef = B00000000000000000000003 /* TreeSitterCSharpRunestone */; };
		A00000000000000000000004 /* TreeSitterCPPRunestone in Frameworks */ = {isa = PBXBuildFile; productRef = B00000000000000000000004 /* TreeSitterCPPRunestone */; };
		A00000000000000000000005 /* TreeSitterCSSRunestone in Frameworks */ = {isa = PBXBuildFile; productRef = B00000000000000000000005 /* TreeSitterCSSRunestone */; };
		A00000000000000000000006 /* TreeSitterHTMLRunestone in Frameworks */ = {isa = PBXBuildFile; productRef = B00000000000000000000006 /* TreeSitterHTMLRunestone */; };
		A00000000000000000000007 /* TreeSitterJavaRunestone in Frameworks */ = {isa = PBXBuildFile; productRef = B00000000000000000000007 /* TreeSitterJavaRunestone */; };
		A00000000000000000000008 /* TreeSitterJavaScriptRunestone in Frameworks */ = {isa = PBXBuildFile; productRef = B00000000000000000000008 /* TreeSitterJavaScriptRunestone */; };
		A00000000000000000000009 /* TreeSitterMarkdownRunestone in Frameworks */ = {isa = PBXBuildFile; productRef = B00000000000000000000009 /* TreeSitterMarkdownRunestone */; };
		A0000000000000000000000A /* TreeSitterPythonRunestone in Frameworks */ = {isa = PBXBuildFile; productRef = B0000000000000000000000A /* TreeSitterPythonRunestone */; };
		A0000000000000000000000B /* TreeSitterSwiftRunestone in Frameworks */ = {isa = PBXBuildFile; productRef = B0000000000000000000000B /* TreeSitterSwiftRunestone */; };
		A0000000000000000000000C /* TreeSitterYAMLRunestone in Frameworks */ = {isa = PBXBuildFile; productRef = B0000000000000000000000C /* TreeSitterYAMLRunestone */; };
/* End PBXBuildFile section */

/* Begin PBXFileReference section */
		1531758F30094354008A92CE /* Filos.app */ = {isa = PBXFileReference; explicitFileType = wrapper.application; includeInIndex = 0; path = Filos.app; sourceTree = BUILT_PRODUCTS_DIR; };
/* End PBXFileReference section */

/* Begin PBXFileSystemSynchronizedBuildFileExceptionSet section */
		1549FD973009472D003C1171 /* Exceptions for "Filos" folder in "Filos" target */ = {
			isa = PBXFileSystemSynchronizedBuildFileExceptionSet;
			membershipExceptions = (
				Info.plist,
			);
			target = 1531758E30094354008A92CE /* Filos */;
		};
/* End PBXFileSystemSynchronizedBuildFileExceptionSet section */

/* Begin PBXFileSystemSynchronizedRootGroup section */
		1531759130094354008A92CE /* Filos */ = {
			isa = PBXFileSystemSynchronizedRootGroup;
			exceptions = (
				1549FD973009472D003C1171 /* Exceptions for "Filos" folder in "Filos" target */,
			);
			path = Filos;
			sourceTree = "<group>";
		};
/* End PBXFileSystemSynchronizedRootGroup section */

/* Begin PBXFrameworksBuildPhase section */
		1531758C30094354008A92CE /* Frameworks */ = {
			isa = PBXFrameworksBuildPhase;
			buildActionMask = 2147483647;
			files = (
				CC48540A300BC5A0007D98D0 /* ZIPFoundation in Frameworks */,
				D7A1B2C3D4E5F60123456789 /* Runestone in Frameworks */,
				E8B2C3D4E5F60123456789A /* TreeSitterJSONRunestone in Frameworks */,
				A00000000000000000000001 /* TreeSitterBashRunestone in Frameworks */,
				A00000000000000000000002 /* TreeSitterCRunestone in Frameworks */,
				A00000000000000000000003 /* TreeSitterCSharpRunestone in Frameworks */,
				A00000000000000000000004 /* TreeSitterCPPRunestone in Frameworks */,
				A00000000000000000000005 /* TreeSitterCSSRunestone in Frameworks */,
				A00000000000000000000006 /* TreeSitterHTMLRunestone in Frameworks */,
				A00000000000000000000007 /* TreeSitterJavaRunestone in Frameworks */,
				A00000000000000000000008 /* TreeSitterJavaScriptRunestone in Frameworks */,
				A00000000000000000000009 /* TreeSitterMarkdownRunestone in Frameworks */,
				A0000000000000000000000A /* TreeSitterPythonRunestone in Frameworks */,
				A0000000000000000000000B /* TreeSitterSwiftRunestone in Frameworks */,
				A0000000000000000000000C /* TreeSitterYAMLRunestone in Frameworks */,
			);
			runOnlyForDeploymentPostprocessing = 0;
		};
/* End PBXFrameworksBuildPhase section */

/* Begin PBXGroup section */
		1531758630094354008A92CE = {
			isa = PBXGroup;
			children = (
				1531759130094354008A92CE /* Filos */,
				1531759030094354008A92CE /* Products */,
			);
			sourceTree = "<group>";
		};
		1531759030094354008A92CE /* Products */ = {
			isa = PBXGroup;
			children = (
				1531758F30094354008A92CE /* Filos.app */,
			);
			name = Products;
			sourceTree = "<group>";
		};
/* End PBXGroup section */

/* Begin PBXNativeTarget section */
		1531758E30094354008A92CE /* Filos */ = {
			isa = PBXNativeTarget;
			buildConfigurationList = 1531759A30094356008A92CE /* Build configuration list for PBXNativeTarget "Filos" */;
			buildPhases = (
				1531758B30094354008A92CE /* Sources */,
				1531758C30094354008A92CE /* Frameworks */,
				1531758D30094354008A92CE /* Resources */,
			);
			buildRules = (
			);
			dependencies = (
			);
			fileSystemSynchronizedGroups = (
				1531759130094354008A92CE /* Filos */,
			);
			name = Filos;
			packageProductDependencies = (
				CC485409300BC5A0007D98D0 /* ZIPFoundation */,
				D7A1B2C3D4E5F6012345678A /* Runestone */,
				E8B2C3D4E5F60123456789B /* TreeSitterJSONRunestone */,
				B00000000000000000000001 /* TreeSitterBashRunestone */,
				B00000000000000000000002 /* TreeSitterCRunestone */,
				B00000000000000000000003 /* TreeSitterCSharpRunestone */,
				B00000000000000000000004 /* TreeSitterCPPRunestone */,
				B00000000000000000000005 /* TreeSitterCSSRunestone */,
				B00000000000000000000006 /* TreeSitterHTMLRunestone */,
				B00000000000000000000007 /* TreeSitterJavaRunestone */,
				B00000000000000000000008 /* TreeSitterJavaScriptRunestone */,
				B00000000000000000000009 /* TreeSitterMarkdownRunestone */,
				B0000000000000000000000A /* TreeSitterPythonRunestone */,
				B0000000000000000000000B /* TreeSitterSwiftRunestone */,
				B0000000000000000000000C /* TreeSitterYAMLRunestone */,
			);
			productName = Filos;
			productReference = 1531758F30094354008A92CE /* Filos.app */;
			productType = "com.apple.product-type.application";
		};
/* End PBXNativeTarget section */

/* Begin PBXProject section */
		1531758730094354008A92CE /* Project object */ = {
			isa = PBXProject;
			attributes = {
				BuildIndependentTargetsInParallel = 1;
				LastSwiftUpdateCheck = 2620;
				LastUpgradeCheck = 2620;
				TargetAttributes = {
					1531758E30094354008A92CE = {
						CreatedOnToolsVersion = 26.2;
					};
				};
			};
			buildConfigurationList = 1531758A30094354008A92CE /* Build configuration list for PBXProject "Filos" */;
			developmentRegion = en;
			hasScannedForEncodings = 0;
			knownRegions = (
				en,
				Base,
			);
			mainGroup = 1531758630094354008A92CE;
			minimizedProjectReferenceProxies = 1;
			packageReferences = (
				CC485408300BC5A0007D98D0 /* XCRemoteSwiftPackageReference "ZIPFoundation" */,
				D7A1B2C3D4E5F60123456787 /* XCRemoteSwiftPackageReference "Runestone" */,
				E8B2C3D4E5F60123456789C /* XCRemoteSwiftPackageReference "TreeSitterLanguages" */,
			);
			preferredProjectObjectVersion = 77;
			productRefGroup = 1531759030094354008A92CE /* Products */;
			projectDirPath = "";
			projectRoot = "";
			targets = (
				1531758E30094354008A92CE /* Filos */,
			);
		};
/* End PBXProject section */

/* Begin PBXResourcesBuildPhase section */
		1531758D30094354008A92CE /* Resources */ = {
			isa = PBXResourcesBuildPhase;
			buildActionMask = 2147483647;
			files = (
			);
			runOnlyForDeploymentPostprocessing = 0;
		};
/* End PBXResourcesBuildPhase section */

/* Begin PBXSourcesBuildPhase section */
		1531758B30094354008A92CE /* Sources */ = {
			isa = PBXSourcesBuildPhase;
			buildActionMask = 2147483647;
			files = (
			);
			runOnlyForDeploymentPostprocessing = 0;
		};
/* End PBXSourcesBuildPhase section */

/* Begin XCBuildConfiguration section */
		1531759830094356008A92CE /* Debug */ = {
			isa = XCBuildConfiguration;
			buildSettings = {
				ALWAYS_SEARCH_USER_PATHS = NO;
				ASSETCATALOG_COMPILER_GENERATE_SWIFT_ASSET_SYMBOL_EXTENSIONS = YES;
				CLANG_ANALYZER_NONNULL = YES;
				CLANG_ANALYZER_NUMBER_OBJECT_CONVERSION = YES_AGGRESSIVE;
				CLANG_CXX_LANGUAGE_STANDARD = "gnu++20";
				CLANG_ENABLE_MODULES = YES;
				CLANG_ENABLE_OBJC_ARC = YES;
				CLANG_ENABLE_OBJC_WEAK = YES;
				CLANG_WARN_BLOCK_CAPTURE_AUTORELEASING = YES;
				CLANG_WARN_BOOL_CONVERSION = YES;
				CLANG_WARN_COMMA = YES;
				CLANG_WARN_CONSTANT_CONVERSION = YES;
				CLANG_WARN_DEPRECATED_OBJC_IMPLEMENTATIONS = YES;
				CLANG_WARN_DIRECT_OBJC_ISA_USAGE = YES_ERROR;
				CLANG_WARN_DOCUMENTATION_COMMENTS = YES;
				CLANG_WARN_EMPTY_BODY = YES;
				CLANG_WARN_ENUM_CONVERSION = YES;
				CLANG_WARN_INFINITE_RECURSION = YES;
				CLANG_WARN_INT_CONVERSION = YES;
				CLANG_WARN_NON_LITERAL_NULL_CONVERSION = YES;
				CLANG_WARN_OBJC_IMPLICIT_RETAIN_SELF = YES;
				CLANG_WARN_OBJC_LITERAL_CONVERSION = YES;
				CLANG_WARN_OBJC_ROOT_CLASS = YES_ERROR;
				CLANG_WARN_QUOTED_INCLUDE_IN_FRAMEWORK_HEADER = YES;
				CLANG_WARN_RANGE_LOOP_ANALYSIS = YES;
				CLANG_WARN_STRICT_PROTOTYPES = YES;
				CLANG_WARN_SUSPICIOUS_MOVE = YES;
				CLANG_WARN_UNGUARDED_AVAILABILITY = YES_AGGRESSIVE;
				CLANG_WARN_UNREACHABLE_CODE = YES;
				CLANG_WARN__DUPLICATE_METHOD_MATCH = YES;
				COPY_PHASE_STRIP = NO;
				DEBUG_INFORMATION_FORMAT = dwarf;
				DEVELOPMENT_TEAM = HTH7RGGR9D;
				ENABLE_STRICT_OBJC_MSGSEND = YES;
				ENABLE_TESTABILITY = YES;
				ENABLE_USER_SCRIPT_SANDBOXING = YES;
				GCC_C_LANGUAGE_STANDARD = gnu17;
				GCC_DYNAMIC_NO_PIC = NO;
				GCC_NO_COMMON_BLOCKS = YES;
				GCC_OPTIMIZATION_LEVEL = 0;
				GCC_PREPROCESSOR_DEFINITIONS = (
					"DEBUG=1",
					"$(inherited)",
				);
				GCC_WARN_64_TO_32_BIT_CONVERSION = YES;
				GCC_WARN_ABOUT_RETURN_TYPE = YES_ERROR;
				GCC_WARN_UNDECLARED_SELECTOR = YES;
				GCC_WARN_UNINITIALIZED_AUTOS = YES_AGGRESSIVE;
				GCC_WARN_UNUSED_FUNCTION = YES;
				GCC_WARN_UNUSED_VARIABLE = YES;
				LOCALIZATION_PREFERS_STRING_CATALOGS = YES;
				MTL_ENABLE_DEBUG_INFO = INCLUDE_SOURCE;
				MTL_FAST_MATH = YES;
				ONLY_ACTIVE_ARCH = YES;
				SWIFT_ACTIVE_COMPILATION_CONDITIONS = "DEBUG $(inherited)";
				SWIFT_OPTIMIZATION_LEVEL = "-Onone";
			};
			name = Debug;
		};
		1531759930094356008A92CE /* Release */ = {
			isa = XCBuildConfiguration;
			buildSettings = {
				ALWAYS_SEARCH_USER_PATHS = NO;
				ASSETCATALOG_COMPILER_GENERATE_SWIFT_ASSET_SYMBOL_EXTENSIONS = YES;
				CLANG_ANALYZER_NONNULL = YES;
				CLANG_ANALYZER_NUMBER_OBJECT_CONVERSION = YES_AGGRESSIVE;
				CLANG_CXX_LANGUAGE_STANDARD = "gnu++20";
				CLANG_ENABLE_MODULES = YES;
				CLANG_ENABLE_OBJC_ARC = YES;
				CLANG_ENABLE_OBJC_WEAK = YES;
				CLANG_WARN_BLOCK_CAPTURE_AUTORELEASING = YES;
				CLANG_WARN_BOOL_CONVERSION = YES;
				CLANG_WARN_COMMA = YES;
				CLANG_WARN_CONSTANT_CONVERSION = YES;
				CLANG_WARN_DEPRECATED_OBJC_IMPLEMENTATIONS = YES;
				CLANG_WARN_DIRECT_OBJC_ISA_USAGE = YES_ERROR;
				CLANG_WARN_DOCUMENTATION_COMMENTS = YES;
				CLANG_WARN_EMPTY_BODY = YES;
				CLANG_WARN_ENUM_CONVERSION = YES;
				CLANG_WARN_INFINITE_RECURSION = YES;
				CLANG_WARN_INT_CONVERSION = YES;
				CLANG_WARN_NON_LITERAL_NULL_CONVERSION = YES;
				CLANG_WARN_OBJC_IMPLICIT_RETAIN_SELF = YES;
				CLANG_WARN_OBJC_LITERAL_CONVERSION = YES;
				CLANG_WARN_OBJC_ROOT_CLASS = YES_ERROR;
				CLANG_WARN_QUOTED_INCLUDE_IN_FRAMEWORK_HEADER = YES;
				CLANG_WARN_RANGE_LOOP_ANALYSIS = YES;
				CLANG_WARN_STRICT_PROTOTYPES = YES;
				CLANG_WARN_SUSPICIOUS_MOVE = YES;
				CLANG_WARN_UNGUARDED_AVAILABILITY = YES_AGGRESSIVE;
				CLANG_WARN_UNREACHABLE_CODE = YES;
				CLANG_WARN__DUPLICATE_METHOD_MATCH = YES;
				COPY_PHASE_STRIP = NO;
				DEBUG_INFORMATION_FORMAT = "dwarf-with-dsym";
				DEVELOPMENT_TEAM = HTH7RGGR9D;
				ENABLE_NS_ASSERTIONS = NO;
				ENABLE_STRICT_OBJC_MSGSEND = YES;
				ENABLE_USER_SCRIPT_SANDBOXING = YES;
				GCC_C_LANGUAGE_STANDARD = gnu17;
				GCC_NO_COMMON_BLOCKS = YES;
				GCC_WARN_64_TO_32_BIT_CONVERSION = YES;
				GCC_WARN_ABOUT_RETURN_TYPE = YES_ERROR;
				GCC_WARN_UNDECLARED_SELECTOR = YES;
				GCC_WARN_UNINITIALIZED_AUTOS = YES_AGGRESSIVE;
				GCC_WARN_UNUSED_FUNCTION = YES;
				GCC_WARN_UNUSED_VARIABLE = YES;
				LOCALIZATION_PREFERS_STRING_CATALOGS = YES;
				MTL_ENABLE_DEBUG_INFO = NO;
				MTL_FAST_MATH = YES;
				SWIFT_COMPILATION_MODE = wholemodule;
			};
			name = Release;
		};
		1531759B30094356008A92CE /* Debug */ = {
			isa = XCBuildConfiguration;
			buildSettings = {
				ASSETCATALOG_COMPILER_APPICON_NAME = AppIcon;
				ASSETCATALOG_COMPILER_GLOBAL_ACCENT_COLOR_NAME = AccentColor;
				CODE_SIGN_STYLE = Automatic;
				CURRENT_PROJECT_VERSION = 1;
				DEVELOPMENT_TEAM = "";
				ENABLE_APP_SANDBOX = YES;
				ENABLE_HARDENED_RUNTIME = YES;
				ENABLE_PREVIEWS = YES;
				ENABLE_USER_SELECTED_FILES = readonly;
				GENERATE_INFOPLIST_FILE = YES;
				INFOPLIST_FILE = Filos/Info.plist;
				INFOPLIST_KEY_LSSupportsOpeningDocumentsInPlace = YES;
				"INFOPLIST_KEY_UIApplicationSceneManifest_Generation[sdk=iphoneos*]" = YES;
				"INFOPLIST_KEY_UIApplicationSceneManifest_Generation[sdk=iphonesimulator*]" = YES;
				"INFOPLIST_KEY_UIApplicationSupportsIndirectInputEvents[sdk=iphoneos*]" = YES;
				"INFOPLIST_KEY_UIApplicationSupportsIndirectInputEvents[sdk=iphonesimulator*]" = YES;
				"INFOPLIST_KEY_UILaunchScreen_Generation[sdk=iphoneos*]" = YES;
				"INFOPLIST_KEY_UILaunchScreen_Generation[sdk=iphonesimulator*]" = YES;
				"INFOPLIST_KEY_UIStatusBarStyle[sdk=iphoneos*]" = UIStatusBarStyleDefault;
				"INFOPLIST_KEY_UIStatusBarStyle[sdk=iphonesimulator*]" = UIStatusBarStyleDefault;
				INFOPLIST_KEY_UISupportedInterfaceOrientations_iPad = "UIInterfaceOrientationPortrait UIInterfaceOrientationPortraitUpsideDown UIInterfaceOrientationLandscapeLeft UIInterfaceOrientationLandscapeRight";
				INFOPLIST_KEY_UISupportedInterfaceOrientations_iPhone = "UIInterfaceOrientationPortrait UIInterfaceOrientationLandscapeLeft UIInterfaceOrientationLandscapeRight";
				IPHONEOS_DEPLOYMENT_TARGET = 15.0;
				LD_RUNPATH_SEARCH_PATHS = "@executable_path/Frameworks";
				"LD_RUNPATH_SEARCH_PATHS[sdk=macosx*]" = "@executable_path/../Frameworks";
				MACOSX_DEPLOYMENT_TARGET = 26.2;
				MARKETING_VERSION = 0.1;
				PRODUCT_BUNDLE_IDENTIFIER = com.jbdotparty.filos;
				PRODUCT_NAME = "$(TARGET_NAME)";
				REGISTER_APP_GROUPS = YES;
				SDKROOT = auto;
				STRING_CATALOG_GENERATE_SYMBOLS = YES;
				SUPPORTED_PLATFORMS = "iphoneos iphonesimulator";
				SUPPORTS_MACCATALYST = NO;
				SWIFT_APPROACHABLE_CONCURRENCY = YES;
				SWIFT_DEFAULT_ACTOR_ISOLATION = MainActor;
				SWIFT_EMIT_LOC_STRINGS = YES;
				SWIFT_UPCOMING_FEATURE_MEMBER_IMPORT_VISIBILITY = YES;
				SWIFT_VERSION = 5.0;
				TARGETED_DEVICE_FAMILY = "1,2";
				XROS_DEPLOYMENT_TARGET = 26.2;
			};
			name = Debug;
		};
		1531759C30094356008A92CE /* Release */ = {
			isa = XCBuildConfiguration;
			buildSettings = {
				ASSETCATALOG_COMPILER_APPICON_NAME = AppIcon;
				ASSETCATALOG_COMPILER_GLOBAL_ACCENT_COLOR_NAME = AccentColor;
				CODE_SIGN_STYLE = Automatic;
				CURRENT_PROJECT_VERSION = 1;
				DEVELOPMENT_TEAM = "";
				ENABLE_APP_SANDBOX = YES;
				ENABLE_HARDENED_RUNTIME = YES;
				ENABLE_PREVIEWS = YES;
				ENABLE_USER_SELECTED_FILES = readonly;
				GENERATE_INFOPLIST_FILE = YES;
				INFOPLIST_FILE = Filos/Info.plist;
				INFOPLIST_KEY_LSSupportsOpeningDocumentsInPlace = YES;
				"INFOPLIST_KEY_UIApplicationSceneManifest_Generation[sdk=iphoneos*]" = YES;
				"INFOPLIST_KEY_UIApplicationSceneManifest_Generation[sdk=iphonesimulator*]" = YES;
				"INFOPLIST_KEY_UIApplicationSupportsIndirectInputEvents[sdk=iphoneos*]" = YES;
				"INFOPLIST_KEY_UIApplicationSupportsIndirectInputEvents[sdk=iphonesimulator*]" = YES;
				"INFOPLIST_KEY_UILaunchScreen_Generation[sdk=iphoneos*]" = YES;
				"INFOPLIST_KEY_UILaunchScreen_Generation[sdk=iphonesimulator*]" = YES;
				"INFOPLIST_KEY_UIStatusBarStyle[sdk=iphoneos*]" = UIStatusBarStyleDefault;
				"INFOPLIST_KEY_UIStatusBarStyle[sdk=iphonesimulator*]" = UIStatusBarStyleDefault;
				INFOPLIST_KEY_UISupportedInterfaceOrientations_iPad = "UIInterfaceOrientationPortrait UIInterfaceOrientationPortraitUpsideDown UIInterfaceOrientationLandscapeLeft UIInterfaceOrientationLandscapeRight";
				INFOPLIST_KEY_UISupportedInterfaceOrientations_iPhone = "UIInterfaceOrientationPortrait UIInterfaceOrientationLandscapeLeft UIInterfaceOrientationLandscapeRight";
				IPHONEOS_DEPLOYMENT_TARGET = 15.0;
				LD_RUNPATH_SEARCH_PATHS = "@executable_path/Frameworks";
				"LD_RUNPATH_SEARCH_PATHS[sdk=macosx*]" = "@executable_path/../Frameworks";
				MACOSX_DEPLOYMENT_TARGET = 26.2;
				MARKETING_VERSION = 0.1;
				PRODUCT_BUNDLE_IDENTIFIER = com.jbdotparty.filos;
				PRODUCT_NAME = "$(TARGET_NAME)";
				REGISTER_APP_GROUPS = YES;
				SDKROOT = auto;
				STRING_CATALOG_GENERATE_SYMBOLS = YES;
				SUPPORTED_PLATFORMS = "iphoneos iphonesimulator";
				SUPPORTS_MACCATALYST = NO;
				SWIFT_APPROACHABLE_CONCURRENCY = YES;
				SWIFT_DEFAULT_ACTOR_ISOLATION = MainActor;
				SWIFT_EMIT_LOC_STRINGS = YES;
				SWIFT_UPCOMING_FEATURE_MEMBER_IMPORT_VISIBILITY = YES;
				SWIFT_VERSION = 5.0;
				TARGETED_DEVICE_FAMILY = "1,2";
				XROS_DEPLOYMENT_TARGET = 26.2;
			};
			name = Release;
		};
/* End XCBuildConfiguration section */

/* Begin XCConfigurationList section */
		1531758A30094354008A92CE /* Build configuration list for PBXProject "Filos" */ = {
			isa = XCConfigurationList;
			buildConfigurations = (
				1531759830094356008A92CE /* Debug */,
				1531759930094356008A92CE /* Release */,
			);
			defaultConfigurationIsVisible = 0;
			defaultConfigurationName = Release;
		};
		1531759A30094356008A92CE /* Build configuration list for PBXNativeTarget "Filos" */ = {
			isa = XCConfigurationList;
			buildConfigurations = (
				1531759B30094356008A92CE /* Debug */,
				1531759C30094356008A92CE /* Release */,
			);
			defaultConfigurationIsVisible = 0;
			defaultConfigurationName = Release;
		};
/* End XCConfigurationList section */

/* Begin XCRemoteSwiftPackageReference section */
		E8B2C3D4E5F60123456789C /* XCRemoteSwiftPackageReference "TreeSitterLanguages" */ = {
			isa = XCRemoteSwiftPackageReference;
			repositoryURL = "https://github.com/simonbs/TreeSitterLanguages.git";
			requirement = {
				kind = upToNextMajorVersion;
				minimumVersion = 0.1.10;
			};
		};
		D7A1B2C3D4E5F60123456787 /* XCRemoteSwiftPackageReference "Runestone" */ = {
			isa = XCRemoteSwiftPackageReference;
			repositoryURL = "https://github.com/simonbs/Runestone.git";
			requirement = {
				kind = upToNextMajorVersion;
				minimumVersion = 0.5.2;
			};
		};
		CC485408300BC5A0007D98D0 /* XCRemoteSwiftPackageReference "ZIPFoundation" */ = {
			isa = XCRemoteSwiftPackageReference;
			repositoryURL = "https://github.com/weichsel/ZIPFoundation.git";
			requirement = {
				kind = upToNextMajorVersion;
				minimumVersion = 0.9.20;
			};
		};
/* End XCRemoteSwiftPackageReference section */

/* Begin XCSwiftPackageProductDependency section */
		B00000000000000000000001 /* TreeSitterBashRunestone */ = {
			isa = XCSwiftPackageProductDependency;
			package = E8B2C3D4E5F60123456789C /* XCRemoteSwiftPackageReference "TreeSitterLanguages" */;
			productName = TreeSitterBashRunestone;
		};
		B00000000000000000000002 /* TreeSitterCRunestone */ = {
			isa = XCSwiftPackageProductDependency;
			package = E8B2C3D4E5F60123456789C /* XCRemoteSwiftPackageReference "TreeSitterLanguages" */;
			productName = TreeSitterCRunestone;
		};
		B00000000000000000000003 /* TreeSitterCSharpRunestone */ = {
			isa = XCSwiftPackageProductDependency;
			package = E8B2C3D4E5F60123456789C /* XCRemoteSwiftPackageReference "TreeSitterLanguages" */;
			productName = TreeSitterCSharpRunestone;
		};
		B00000000000000000000004 /* TreeSitterCPPRunestone */ = {
			isa = XCSwiftPackageProductDependency;
			package = E8B2C3D4E5F60123456789C /* XCRemoteSwiftPackageReference "TreeSitterLanguages" */;
			productName = TreeSitterCPPRunestone;
		};
		B00000000000000000000005 /* TreeSitterCSSRunestone */ = {
			isa = XCSwiftPackageProductDependency;
			package = E8B2C3D4E5F60123456789C /* XCRemoteSwiftPackageReference "TreeSitterLanguages" */;
			productName = TreeSitterCSSRunestone;
		};
		B00000000000000000000006 /* TreeSitterHTMLRunestone */ = {
			isa = XCSwiftPackageProductDependency;
			package = E8B2C3D4E5F60123456789C /* XCRemoteSwiftPackageReference "TreeSitterLanguages" */;
			productName = TreeSitterHTMLRunestone;
		};
		B00000000000000000000007 /* TreeSitterJavaRunestone */ = {
			isa = XCSwiftPackageProductDependency;
			package = E8B2C3D4E5F60123456789C /* XCRemoteSwiftPackageReference "TreeSitterLanguages" */;
			productName = TreeSitterJavaRunestone;
		};
		B00000000000000000000008 /* TreeSitterJavaScriptRunestone */ = {
			isa = XCSwiftPackageProductDependency;
			package = E8B2C3D4E5F60123456789C /* XCRemoteSwiftPackageReference "TreeSitterLanguages" */;
			productName = TreeSitterJavaScriptRunestone;
		};
		B00000000000000000000009 /* TreeSitterMarkdownRunestone */ = {
			isa = XCSwiftPackageProductDependency;
			package = E8B2C3D4E5F60123456789C /* XCRemoteSwiftPackageReference "TreeSitterLanguages" */;
			productName = TreeSitterMarkdownRunestone;
		};
		B0000000000000000000000A /* TreeSitterPythonRunestone */ = {
			isa = XCSwiftPackageProductDependency;
			package = E8B2C3D4E5F60123456789C /* XCRemoteSwiftPackageReference "TreeSitterLanguages" */;
			productName = TreeSitterPythonRunestone;
		};
		B0000000000000000000000B /* TreeSitterSwiftRunestone */ = {
			isa = XCSwiftPackageProductDependency;
			package = E8B2C3D4E5F60123456789C /* XCRemoteSwiftPackageReference "TreeSitterLanguages" */;
			productName = TreeSitterSwiftRunestone;
		};
		B0000000000000000000000C /* TreeSitterYAMLRunestone */ = {
			isa = XCSwiftPackageProductDependency;
			package = E8B2C3D4E5F60123456789C /* XCRemoteSwiftPackageReference "TreeSitterLanguages" */;
			productName = TreeSitterYAMLRunestone;
		};
		E8B2C3D4E5F60123456789B /* TreeSitterJSONRunestone */ = {
			isa = XCSwiftPackageProductDependency;
			package = E8B2C3D4E5F60123456789C /* XCRemoteSwiftPackageReference "TreeSitterLanguages" */;
			productName = TreeSitterJSONRunestone;
		};
		D7A1B2C3D4E5F6012345678A /* Runestone */ = {
			isa = XCSwiftPackageProductDependency;
			package = D7A1B2C3D4E5F60123456787 /* XCRemoteSwiftPackageReference "Runestone" */;
			productName = Runestone;
		};
		CC485409300BC5A0007D98D0 /* ZIPFoundation */ = {
			isa = XCSwiftPackageProductDependency;
			package = CC485408300BC5A0007D98D0 /* XCRemoteSwiftPackageReference "ZIPFoundation" */;
			productName = ZIPFoundation;
		};
/* End XCSwiftPackageProductDependency section */
	};
	rootObject = 1531758730094354008A92CE /* Project object */;
}
